// !$*UTF8*$!
{
	archiveVersion = 1;
	classes = {
	};
	objectVersion = 77;
	objects = {

/* Begin PBXBuildFile section */
		FE0A9C822EC4533B00CDDA6E /* Supabase in Frameworks */ = {isa = PBXBuildFile; productRef = FE0A9C812EC4533B00CDDA6E /* Supabase */; };
		FE3C2F692EC44F0500429BA0 /* Auth in Frameworks */ = {isa = PBXBuildFile; productRef = FE3C2F682EC44F0500429BA0 /* Auth */; };
		FE3C2F6B2EC44F0500429BA0 /* Functions in Frameworks */ = {isa = PBXBuildFile; productRef = FE3C2F6A2EC44F0500429BA0 /* Functions */; };
		FE3C2F6D2EC44F0500429BA0 /* PostgREST in Frameworks */ = {isa = PBXBuildFile; productRef = FE3C2F6C2EC44F0500429BA0 /* PostgREST */; };
		FE3C2F6F2EC44F0500429BA0 /* Realtime in Frameworks */ = {isa = PBXBuildFile; productRef = FE3C2F6E2EC44F0500429BA0 /* Realtime */; };
		FE3C2F712EC44F0500429BA0 /* Storage in Frameworks */ = {isa = PBXBuildFile; productRef = FE3C2F702EC44F0500429BA0 /* Storage */; };
		FE550B902EE577A3009D9F5D /* Kingfisher in Frameworks */ = {isa = PBXBuildFile; productRef = FE550B8F2EE577A3009D9F5D /* Kingfisher */; };
/* End PBXBuildFile section */

/* Begin PBXContainerItemProxy section */
		FE92F8822EC6579A006DCD66 /* PBXContainerItemProxy */ = {
			isa = PBXContainerItemProxy;
			containerPortal = FE3C2F512EC448EE00429BA0 /* Project object */;
			proxyType = 1;
			remoteGlobalIDString = FE3C2F582EC448EE00429BA0;
			remoteInfo = gympeople;
		};
/* End PBXContainerItemProxy section */

/* Begin PBXFileReference section */
		FE3C2F592EC448EE00429BA0 /* gympeople.app */ = {isa = PBXFileReference; explicitFileType = wrapper.application; includeInIndex = 0; path = gympeople.app; sourceTree = BUILT_PRODUCTS_DIR; };
		FE92F8672EC5BFDD006DCD66 /* gympeopleTests.xctest */ = {isa = PBXFileReference; explicitFileType = wrapper.cfbundle; includeInIndex = 0; path = gympeopleTests.xctest; sourceTree = BUILT_PRODUCTS_DIR; };
/* End PBXFileReference section */

/* Begin PBXFileSystemSynchronizedBuildFileExceptionSet section */
		FE7C6AC92ECC05A30073CF85 /* Exceptions for "gympeople" folder in "gympeopleTests" target */ = {
			isa = PBXFileSystemSynchronizedBuildFileExceptionSet;
			membershipExceptions = (
				"Launch Screen.storyboard",
			);
			target = FE92F8662EC5BFDD006DCD66 /* gympeopleTests */;
		};
		FE92F83D2EC476F3006DCD66 /* Exceptions for "gympeople" folder in "gympeople" target */ = {
			isa = PBXFileSystemSynchronizedBuildFileExceptionSet;
			membershipExceptions = (
				Info.plist,
			);
			target = FE3C2F582EC448EE00429BA0 /* gympeople */;
		};
/* End PBXFileSystemSynchronizedBuildFileExceptionSet section */

/* Begin PBXFileSystemSynchronizedRootGroup section */
		FE3C2F5B2EC448EE00429BA0 /* gympeople */ = {
			isa = PBXFileSystemSynchronizedRootGroup;
			exceptions = (
				FE92F83D2EC476F3006DCD66 /* Exceptions for "gympeople" folder in "gympeople" target */,
				FE7C6AC92ECC05A30073CF85 /* Exceptions for "gympeople" folder in "gympeopleTests" target */,
			);
			path = gympeople;
			sourceTree = "<group>";
		};
		FE92F8682EC5BFDD006DCD66 /* gympeopleTests */ = {
			isa = PBXFileSystemSynchronizedRootGroup;
			path = gympeopleTests;
			sourceTree = "<group>";
		};
/* End PBXFileSystemSynchronizedRootGroup section */

/* Begin PBXFrameworksBuildPhase section */
		FE3C2F562EC448EE00429BA0 /* Frameworks */ = {
			isa = PBXFrameworksBuildPhase;
			buildActionMask = 2147483647;
			files = (
				FE3C2F6D2EC44F0500429BA0 /* PostgREST in Frameworks */,
				FE3C2F6B2EC44F0500429BA0 /* Functions in Frameworks */,
				FE550B902EE577A3009D9F5D /* Kingfisher in Frameworks */,
				FE0A9C822EC4533B00CDDA6E /* Supabase in Frameworks */,
				FE3C2F692EC44F0500429BA0 /* Auth in Frameworks */,
				FE3C2F712EC44F0500429BA0 /* Storage in Frameworks */,
				FE3C2F6F2EC44F0500429BA0 /* Realtime in Frameworks */,
			);
			runOnlyForDeploymentPostprocessing = 0;
		};
		FE92F8642EC5BFDD006DCD66 /* Frameworks */ = {
			isa = PBXFrameworksBuildPhase;
			buildActionMask = 2147483647;
			files = (
			);
			runOnlyForDeploymentPostprocessing = 0;
		};
/* End PBXFrameworksBuildPhase section */

/* Begin PBXGroup section */
		FE0A9C802EC4533100CDDA6E /* Frameworks */ = {
			isa = PBXGroup;
			children = (
			);
			name = Frameworks;
			sourceTree = "<group>";
		};
		FE3C2F502EC448EE00429BA0 = {
			isa = PBXGroup;
			children = (
				FE3C2F5B2EC448EE00429BA0 /* gympeople */,
				FE92F8682EC5BFDD006DCD66 /* gympeopleTests */,
				FE0A9C802EC4533100CDDA6E /* Frameworks */,
				FE3C2F5A2EC448EE00429BA0 /* Products */,
			);
			sourceTree = "<group>";
		};
		FE3C2F5A2EC448EE00429BA0 /* Products */ = {
			isa = PBXGroup;
			children = (
				FE3C2F592EC448EE00429BA0 /* gympeople.app */,
				FE92F8672EC5BFDD006DCD66 /* gympeopleTests.xctest */,
			);
			name = Products;
			sourceTree = "<group>";
		};
/* End PBXGroup section */

/* Begin PBXNativeTarget section */
		FE3C2F582EC448EE00429BA0 /* gympeople */ = {
			isa = PBXNativeTarget;
			buildConfigurationList = FE3C2F642EC448F000429BA0 /* Build configuration list for PBXNativeTarget "gympeople" */;
			buildPhases = (
				FE3C2F552EC448EE00429BA0 /* Sources */,
				FE3C2F562EC448EE00429BA0 /* Frameworks */,
				FE3C2F572EC448EE00429BA0 /* Resources */,
				FE92F8522EC50DB1006DCD66 /* Run SwiftLint */,
			);
			buildRules = (
			);
			dependencies = (
			);
			fileSystemSynchronizedGroups = (
				FE3C2F5B2EC448EE00429BA0 /* gympeople */,
			);
			name = gympeople;
			packageProductDependencies = (
				FE3C2F682EC44F0500429BA0 /* Auth */,
				FE3C2F6A2EC44F0500429BA0 /* Functions */,
				FE3C2F6C2EC44F0500429BA0 /* PostgREST */,
				FE3C2F6E2EC44F0500429BA0 /* Realtime */,
				FE3C2F702EC44F0500429BA0 /* Storage */,
				FE0A9C812EC4533B00CDDA6E /* Supabase */,
				FE550B8F2EE577A3009D9F5D /* Kingfisher */,
			);
			productName = gympeople;
			productReference = FE3C2F592EC448EE00429BA0 /* gympeople.app */;
			productType = "com.apple.product-type.application";
		};
		FE92F8662EC5BFDD006DCD66 /* gympeopleTests */ = {
			isa = PBXNativeTarget;
			buildConfigurationList = FE92F86D2EC5BFDD006DCD66 /* Build configuration list for PBXNativeTarget "gympeopleTests" */;
			buildPhases = (
				FE92F8632EC5BFDD006DCD66 /* Sources */,
				FE92F8642EC5BFDD006DCD66 /* Frameworks */,
				FE92F8652EC5BFDD006DCD66 /* Resources */,
			);
			buildRules = (
			);
			dependencies = (
				FE92F8832EC6579A006DCD66 /* PBXTargetDependency */,
			);
			fileSystemSynchronizedGroups = (
				FE92F8682EC5BFDD006DCD66 /* gympeopleTests */,
			);
			name = gympeopleTests;
			packageProductDependencies = (
			);
			productName = gympeopleTests;
			productReference = FE92F8672EC5BFDD006DCD66 /* gympeopleTests.xctest */;
			productType = "com.apple.product-type.bundle.unit-test";
		};
/* End PBXNativeTarget section */

/* Begin PBXProject section */
		FE3C2F512EC448EE00429BA0 /* Project object */ = {
			isa = PBXProject;
			attributes = {
				BuildIndependentTargetsInParallel = 1;
				LastSwiftUpdateCheck = 2610;
				LastUpgradeCheck = 2610;
				TargetAttributes = {
					FE3C2F582EC448EE00429BA0 = {
						CreatedOnToolsVersion = 26.1;
					};
					FE92F8662EC5BFDD006DCD66 = {
						CreatedOnToolsVersion = 26.1;
						TestTargetID = FE3C2F582EC448EE00429BA0;
					};
				};
			};
			buildConfigurationList = FE3C2F542EC448EE00429BA0 /* Build configuration list for PBXProject "gympeople" */;
			developmentRegion = en;
			hasScannedForEncodings = 0;
			knownRegions = (
				en,
				Base,
			);
			mainGroup = FE3C2F502EC448EE00429BA0;
			minimizedProjectReferenceProxies = 1;
			packageReferences = (
				FE3C2F672EC44EDF00429BA0 /* XCRemoteSwiftPackageReference "supabase-swift" */,
				FE550B8E2EE577A3009D9F5D /* XCRemoteSwiftPackageReference "Kingfisher" */,
			);
			preferredProjectObjectVersion = 77;
			productRefGroup = FE3C2F5A2EC448EE00429BA0 /* Products */;
			projectDirPath = "";
			projectRoot = "";
			targets = (
				FE3C2F582EC448EE00429BA0 /* gympeople */,
				FE92F8662EC5BFDD006DCD66 /* gympeopleTests */,
			);
		};
/* End PBXProject section */

/* Begin PBXResourcesBuildPhase section */
		FE3C2F572EC448EE00429BA0 /* Resources */ = {
			isa = PBXResourcesBuildPhase;
			buildActionMask = 2147483647;
			files = (
			);
			runOnlyForDeploymentPostprocessing = 0;
		};
		FE92F8652EC5BFDD006DCD66 /* Resources */ = {
			isa = PBXResourcesBuildPhase;
			buildActionMask = 2147483647;
			files = (
			);
			runOnlyForDeploymentPostprocessing = 0;
		};
/* End PBXResourcesBuildPhase section */

/* Begin PBXShellScriptBuildPhase section */
		FE92F8522EC50DB1006DCD66 /* Run SwiftLint */ = {
			isa = PBXShellScriptBuildPhase;
			buildActionMask = 2147483647;
			files = (
			);
			inputFileListPaths = (
			);
			inputPaths = (
			);
			name = "Run SwiftLint";
			outputFileListPaths = (
			);
			outputPaths = (
			);
			runOnlyForDeploymentPostprocessing = 0;
			shellPath = /bin/sh;
			shellScript = "export PATH=\"$PATH:/opt/homebrew/bin\"\n\nif command -v swiftlint >/dev/null 2>&1\nthen\n    swiftlint\nelse\n    echo \"warning: `swiftlint` command not found - See https://github.com/realm/SwiftLint#installation for installation instructions.\"\nfi\n";
		};
/* End PBXShellScriptBuildPhase section */

/* Begin PBXSourcesBuildPhase section */
		FE3C2F552EC448EE00429BA0 /* Sources */ = {
			isa = PBXSourcesBuildPhase;
			buildActionMask = 2147483647;
			files = (
			);
			runOnlyForDeploymentPostprocessing = 0;
		};
		FE92F8632EC5BFDD006DCD66 /* Sources */ = {
			isa = PBXSourcesBuildPhase;
			buildActionMask = 2147483647;
			files = (
			);
			runOnlyForDeploymentPostprocessing = 0;
		};
/* End PBXSourcesBuildPhase section */

/* Begin PBXTargetDependency section */
		FE92F8832EC6579A006DCD66 /* PBXTargetDependency */ = {
			isa = PBXTargetDependency;
			target = FE3C2F582EC448EE00429BA0 /* gympeople */;
			targetProxy = FE92F8822EC6579A006DCD66 /* PBXContainerItemProxy */;
		};
/* End PBXTargetDependency section */

/* Begin XCBuildConfiguration section */
		FE3C2F622EC448F000429BA0 /* Debug */ = {
			isa = XCBuildConfiguration;
			baseConfigurationReferenceAnchor = FE3C2F5B2EC448EE00429BA0 /* gympeople */;
			baseConfigurationReferenceRelativePath = Config/Debug.xcconfig;
			buildSettings = {
				ALWAYS_SEARCH_USER_PATHS = NO;
				ASSETCATALOG_COMPILER_GENERATE_SWIFT_ASSET_SYMBOL_EXTENSIONS = YES;
				CLANG_ANALYZER_NONNULL = YES;
				CLANG_ANALYZER_NUMBER_OBJECT_CONVERSION = YES_AGGRESSIVE;
				CLANG_CXX_LANGUAGE_STANDARD = "gnu++20";
				CLANG_ENABLE_MODULES = YES;
				CLANG_ENABLE_OBJC_ARC = YES;
				CLANG_ENABLE_OBJC_WEAK = YES;
				CLANG_WARN_BLOCK_CAPTURE_AUTORELEASING = YES;
				CLANG_WARN_BOOL_CONVERSION = YES;
				CLANG_WARN_COMMA = YES;
				CLANG_WARN_CONSTANT_CONVERSION = YES;
				CLANG_WARN_DEPRECATED_OBJC_IMPLEMENTATIONS = YES;
				CLANG_WARN_DIRECT_OBJC_ISA_USAGE = YES_ERROR;
				CLANG_WARN_DOCUMENTATION_COMMENTS = YES;
				CLANG_WARN_EMPTY_BODY = YES;
				CLANG_WARN_ENUM_CONVERSION = YES;
				CLANG_WARN_INFINITE_RECURSION = YES;
				CLANG_WARN_INT_CONVERSION = YES;
				CLANG_WARN_NON_LITERAL_NULL_CONVERSION = YES;
				CLANG_WARN_OBJC_IMPLICIT_RETAIN_SELF = YES;
				CLANG_WARN_OBJC_LITERAL_CONVERSION = YES;
				CLANG_WARN_OBJC_ROOT_CLASS = YES_ERROR;
				CLANG_WARN_QUOTED_INCLUDE_IN_FRAMEWORK_HEADER = YES;
				CLANG_WARN_RANGE_LOOP_ANALYSIS = YES;
				CLANG_WARN_STRICT_PROTOTYPES = YES;
				CLANG_WARN_SUSPICIOUS_MOVE = YES;
				CLANG_WARN_UNGUARDED_AVAILABILITY = YES_AGGRESSIVE;
				CLANG_WARN_UNREACHABLE_CODE = YES;
				CLANG_WARN__DUPLICATE_METHOD_MATCH = YES;
				COPY_PHASE_STRIP = NO;
				DEBUG_INFORMATION_FORMAT = dwarf;
				DEVELOPMENT_TEAM = P766MMY3WN;
				ENABLE_STRICT_OBJC_MSGSEND = YES;
				ENABLE_TESTABILITY = YES;
				ENABLE_USER_SCRIPT_SANDBOXING = YES;
				GCC_C_LANGUAGE_STANDARD = gnu17;
				GCC_DYNAMIC_NO_PIC = NO;
				GCC_NO_COMMON_BLOCKS = YES;
				GCC_OPTIMIZATION_LEVEL = 0;
				GCC_PREPROCESSOR_DEFINITIONS = (
					"DEBUG=1",
					"$(inherited)",
				);
				GCC_WARN_64_TO_32_BIT_CONVERSION = YES;
				GCC_WARN_ABOUT_RETURN_TYPE = YES_ERROR;
				GCC_WARN_UNDECLARED_SELECTOR = YES;
				GCC_WARN_UNINITIALIZED_AUTOS = YES_AGGRESSIVE;
				GCC_WARN_UNUSED_FUNCTION = YES;
				GCC_WARN_UNUSED_VARIABLE = YES;
				IPHONEOS_DEPLOYMENT_TARGET = 26.1;
				LOCALIZATION_PREFERS_STRING_CATALOGS = YES;
				MTL_ENABLE_DEBUG_INFO = INCLUDE_SOURCE;
				MTL_FAST_MATH = YES;
				ONLY_ACTIVE_ARCH = YES;
				SDKROOT = iphoneos;
				SWIFT_ACTIVE_COMPILATION_CONDITIONS = "DEBUG $(inherited)";
				SWIFT_OPTIMIZATION_LEVEL = "-Onone";
			};
			name = Debug;
		};
		FE3C2F632EC448F000429BA0 /* Release */ = {
			isa = XCBuildConfiguration;
			baseConfigurationReferenceAnchor = FE3C2F5B2EC448EE00429BA0 /* gympeople */;
			baseConfigurationReferenceRelativePath = Config/Release.xcconfig;
			buildSettings = {
				ALWAYS_SEARCH_USER_PATHS = NO;
				ASSETCATALOG_COMPILER_GENERATE_SWIFT_ASSET_SYMBOL_EXTENSIONS = YES;
				CLANG_ANALYZER_NONNULL = YES;
				CLANG_ANALYZER_NUMBER_OBJECT_CONVERSION = YES_AGGRESSIVE;
				CLANG_CXX_LANGUAGE_STANDARD = "gnu++20";
				CLANG_ENABLE_MODULES = YES;
				CLANG_ENABLE_OBJC_ARC = YES;
				CLANG_ENABLE_OBJC_WEAK = YES;
				CLANG_WARN_BLOCK_CAPTURE_AUTORELEASING = YES;
				CLANG_WARN_BOOL_CONVERSION = YES;
				CLANG_WARN_COMMA = YES;
				CLANG_WARN_CONSTANT_CONVERSION = YES;
				CLANG_WARN_DEPRECATED_OBJC_IMPLEMENTATIONS = YES;
				CLANG_WARN_DIRECT_OBJC_ISA_USAGE = YES_ERROR;
				CLANG_WARN_DOCUMENTATION_COMMENTS = YES;
				CLANG_WARN_EMPTY_BODY = YES;
				CLANG_WARN_ENUM_CONVERSION = YES;
				CLANG_WARN_INFINITE_RECURSION = YES;
				CLANG_WARN_INT_CONVERSION = YES;
				CLANG_WARN_NON_LITERAL_NULL_CONVERSION = YES;
				CLANG_WARN_OBJC_IMPLICIT_RETAIN_SELF = YES;
				CLANG_WARN_OBJC_LITERAL_CONVERSION = YES;
				CLANG_WARN_OBJC_ROOT_CLASS = YES_ERROR;
				CLANG_WARN_QUOTED_INCLUDE_IN_FRAMEWORK_HEADER = YES;
				CLANG_WARN_RANGE_LOOP_ANALYSIS = YES;
				CLANG_WARN_STRICT_PROTOTYPES = YES;
				CLANG_WARN_SUSPICIOUS_MOVE = YES;
				CLANG_WARN_UNGUARDED_AVAILABILITY = YES_AGGRESSIVE;
				CLANG_WARN_UNREACHABLE_CODE = YES;
				CLANG_WARN__DUPLICATE_METHOD_MATCH = YES;
				COPY_PHASE_STRIP = NO;
				DEBUG_INFORMATION_FORMAT = "dwarf-with-dsym";
				DEVELOPMENT_TEAM = P766MMY3WN;
				ENABLE_NS_ASSERTIONS = NO;
				ENABLE_STRICT_OBJC_MSGSEND = YES;
				ENABLE_USER_SCRIPT_SANDBOXING = YES;
				GCC_C_LANGUAGE_STANDARD = gnu17;
				GCC_NO_COMMON_BLOCKS = YES;
				GCC_WARN_64_TO_32_BIT_CONVERSION = YES;
				GCC_WARN_ABOUT_RETURN_TYPE = YES_ERROR;
				GCC_WARN_UNDECLARED_SELECTOR = YES;
				GCC_WARN_UNINITIALIZED_AUTOS = YES_AGGRESSIVE;
				GCC_WARN_UNUSED_FUNCTION = YES;
				GCC_WARN_UNUSED_VARIABLE = YES;
				IPHONEOS_DEPLOYMENT_TARGET = 26.1;
				LOCALIZATION_PREFERS_STRING_CATALOGS = YES;
				MTL_ENABLE_DEBUG_INFO = NO;
				MTL_FAST_MATH = YES;
				SDKROOT = iphoneos;
				SWIFT_COMPILATION_MODE = wholemodule;
				VALIDATE_PRODUCT = YES;
			};
			name = Release;
		};
		FE3C2F652EC448F000429BA0 /* Debug */ = {
			isa = XCBuildConfiguration;
			baseConfigurationReferenceAnchor = FE3C2F5B2EC448EE00429BA0 /* gympeople */;
			baseConfigurationReferenceRelativePath = Config/Debug.xcconfig;
			buildSettings = {
				ASSETCATALOG_COMPILER_APPICON_NAME = AppIcon;
				ASSETCATALOG_COMPILER_GLOBAL_ACCENT_COLOR_NAME = AccentColor;
				ASSETCATALOG_COMPILER_INCLUDE_ALL_APPICON_ASSETS = NO;
				CODE_SIGN_STYLE = Automatic;
				CURRENT_PROJECT_VERSION = 1;
				DEVELOPMENT_TEAM = ML6YDFJL2V;
				ENABLE_PREVIEWS = YES;
				ENABLE_TESTABILITY = YES;
				ENABLE_USER_SCRIPT_SANDBOXING = NO;
				GENERATE_INFOPLIST_FILE = YES;
				INFOPLIST_FILE = gympeople/Info.plist;
				INFOPLIST_KEY_NSLocationWhenInUseUsageDescription = "This app is requesting your location to help find users around your area.";
				INFOPLIST_KEY_UIApplicationSceneManifest_Generation = YES;
				INFOPLIST_KEY_UIApplicationSupportsIndirectInputEvents = YES;
				INFOPLIST_KEY_UILaunchStoryboardName = "Launch Screen.storyboard";
				INFOPLIST_KEY_UISupportedInterfaceOrientations = UIInterfaceOrientationPortrait;
				INFOPLIST_KEY_UISupportedInterfaceOrientations_iPad = "UIInterfaceOrientationLandscapeLeft UIInterfaceOrientationLandscapeRight UIInterfaceOrientationPortrait UIInterfaceOrientationPortraitUpsideDown";
				IPHONEOS_DEPLOYMENT_TARGET = 26.0;
				LD_RUNPATH_SEARCH_PATHS = (
					"$(inherited)",
					"@executable_path/Frameworks",
				);
				MARKETING_VERSION = 1.0;
				PRODUCT_BUNDLE_IDENTIFIER = natedoesthings.gympeople;
				PRODUCT_NAME = "$(TARGET_NAME)";
				STRING_CATALOG_GENERATE_SYMBOLS = YES;
				SWIFT_APPROACHABLE_CONCURRENCY = YES;
				SWIFT_DEFAULT_ACTOR_ISOLATION = MainActor;
				SWIFT_EMIT_LOC_STRINGS = YES;
				SWIFT_UPCOMING_FEATURE_MEMBER_IMPORT_VISIBILITY = YES;
				SWIFT_VERSION = 5.0;
				TARGETED_DEVICE_FAMILY = "1,2";
			};
			name = Debug;
		};
		FE3C2F662EC448F000429BA0 /* Release */ = {
			isa = XCBuildConfiguration;
			baseConfigurationReferenceAnchor = FE3C2F5B2EC448EE00429BA0 /* gympeople */;
			baseConfigurationReferenceRelativePath = Config/Release.xcconfig;
			buildSettings = {
				ASSETCATALOG_COMPILER_APPICON_NAME = AppIcon;
				ASSETCATALOG_COMPILER_GLOBAL_ACCENT_COLOR_NAME = AccentColor;
				ASSETCATALOG_COMPILER_INCLUDE_ALL_APPICON_ASSETS = NO;
				CODE_SIGN_STYLE = Automatic;
				CURRENT_PROJECT_VERSION = 1;
				DEVELOPMENT_TEAM = ML6YDFJL2V;
				ENABLE_PREVIEWS = YES;
				ENABLE_TESTABILITY = NO;
				ENABLE_USER_SCRIPT_SANDBOXING = NO;
				GENERATE_INFOPLIST_FILE = YES;
				INFOPLIST_FILE = gympeople/Info.plist;
				INFOPLIST_KEY_NSLocationWhenInUseUsageDescription = "This app is requesting your location to help find users around your area.";
				INFOPLIST_KEY_UIApplicationSceneManifest_Generation = YES;
				INFOPLIST_KEY_UIApplicationSupportsIndirectInputEvents = YES;
				INFOPLIST_KEY_UILaunchStoryboardName = "Launch Screen.storyboard";
				INFOPLIST_KEY_UISupportedInterfaceOrientations = UIInterfaceOrientationPortrait;
				INFOPLIST_KEY_UISupportedInterfaceOrientations_iPad = "UIInterfaceOrientationLandscapeLeft UIInterfaceOrientationLandscapeRight UIInterfaceOrientationPortrait UIInterfaceOrientationPortraitUpsideDown";
				IPHONEOS_DEPLOYMENT_TARGET = 26.0;
				LD_RUNPATH_SEARCH_PATHS = (
					"$(inherited)",
					"@executable_path/Frameworks",
				);
				MARKETING_VERSION = 1.0;
				PRODUCT_BUNDLE_IDENTIFIER = natedoesthings.gympeople;
				PRODUCT_NAME = "$(TARGET_NAME)";
				STRING_CATALOG_GENERATE_SYMBOLS = YES;
				SWIFT_APPROACHABLE_CONCURRENCY = YES;
				SWIFT_DEFAULT_ACTOR_ISOLATION = MainActor;
				SWIFT_EMIT_LOC_STRINGS = YES;
				SWIFT_UPCOMING_FEATURE_MEMBER_IMPORT_VISIBILITY = YES;
				SWIFT_VERSION = 5.0;
				TARGETED_DEVICE_FAMILY = "1,2";
			};
			name = Release;
		};
		FE92F86E2EC5BFDD006DCD66 /* Debug */ = {
			isa = XCBuildConfiguration;
			buildSettings = {
				BUNDLE_LOADER = "$(TEST_HOST)";
				CODE_SIGN_STYLE = Automatic;
				CURRENT_PROJECT_VERSION = 1;
				DEVELOPMENT_TEAM = P766MMY3WN;
				FRAMEWORK_SEARCH_PATHS = "";
				GENERATE_INFOPLIST_FILE = YES;
				IPHONEOS_DEPLOYMENT_TARGET = 26.0;
				MARKETING_VERSION = 1.0;
				OTHER_LDFLAGS = "";
				PRODUCT_BUNDLE_IDENTIFIER = natedoesthings.gympeopleTests;
				PRODUCT_NAME = "$(TARGET_NAME)";
				STRING_CATALOG_GENERATE_SYMBOLS = NO;
				SWIFT_APPROACHABLE_CONCURRENCY = YES;
				SWIFT_EMIT_LOC_STRINGS = NO;
				SWIFT_UPCOMING_FEATURE_MEMBER_IMPORT_VISIBILITY = YES;
				SWIFT_VERSION = 5.0;
				TARGETED_DEVICE_FAMILY = "1,2";
				TEST_HOST = "$(BUILT_PRODUCTS_DIR)/gympeople.app/$(BUNDLE_EXECUTABLE_FOLDER_PATH)/gympeople";
			};
			name = Debug;
		};
		FE92F86F2EC5BFDD006DCD66 /* Release */ = {
			isa = XCBuildConfiguration;
			buildSettings = {
				BUNDLE_LOADER = "$(TEST_HOST)";
				CODE_SIGN_STYLE = Automatic;
				CURRENT_PROJECT_VERSION = 1;
				DEVELOPMENT_TEAM = P766MMY3WN;
				FRAMEWORK_SEARCH_PATHS = "";
				GENERATE_INFOPLIST_FILE = YES;
				IPHONEOS_DEPLOYMENT_TARGET = 26.0;
				MARKETING_VERSION = 1.0;
				OTHER_LDFLAGS = "";
				PRODUCT_BUNDLE_IDENTIFIER = natedoesthings.gympeopleTests;
				PRODUCT_NAME = "$(TARGET_NAME)";
				STRING_CATALOG_GENERATE_SYMBOLS = NO;
				SWIFT_APPROACHABLE_CONCURRENCY = YES;
				SWIFT_EMIT_LOC_STRINGS = NO;
				SWIFT_UPCOMING_FEATURE_MEMBER_IMPORT_VISIBILITY = YES;
				SWIFT_VERSION = 5.0;
				TARGETED_DEVICE_FAMILY = "1,2";
				TEST_HOST = "$(BUILT_PRODUCTS_DIR)/gympeople.app/$(BUNDLE_EXECUTABLE_FOLDER_PATH)/gympeople";
			};
			name = Release;
		};
/* End XCBuildConfiguration section */

/* Begin XCConfigurationList section */
		FE3C2F542EC448EE00429BA0 /* Build configuration list for PBXProject "gympeople" */ = {
			isa = XCConfigurationList;
			buildConfigurations = (
				FE3C2F622EC448F000429BA0 /* Debug */,
				FE3C2F632EC448F000429BA0 /* Release */,
			);
			defaultConfigurationIsVisible = 0;
			defaultConfigurationName = Release;
		};
		FE3C2F642EC448F000429BA0 /* Build configuration list for PBXNativeTarget "gympeople" */ = {
			isa = XCConfigurationList;
			buildConfigurations = (
				FE3C2F652EC448F000429BA0 /* Debug */,
				FE3C2F662EC448F000429BA0 /* Release */,
			);
			defaultConfigurationIsVisible = 0;
			defaultConfigurationName = Release;
		};
		FE92F86D2EC5BFDD006DCD66 /* Build configuration list for PBXNativeTarget "gympeopleTests" */ = {
			isa = XCConfigurationList;
			buildConfigurations = (
				FE92F86E2EC5BFDD006DCD66 /* Debug */,
				FE92F86F2EC5BFDD006DCD66 /* Release */,
			);
			defaultConfigurationIsVisible = 0;
			defaultConfigurationName = Release;
		};
/* End XCConfigurationList section */

/* Begin XCRemoteSwiftPackageReference section */
		FE3C2F672EC44EDF00429BA0 /* XCRemoteSwiftPackageReference "supabase-swift" */ = {
			isa = XCRemoteSwiftPackageReference;
			repositoryURL = "https://github.com/supabase-community/supabase-swift";
			requirement = {
				kind = upToNextMajorVersion;
				minimumVersion = 2.5.1;
			};
		};
		FE550B8E2EE577A3009D9F5D /* XCRemoteSwiftPackageReference "Kingfisher" */ = {
			isa = XCRemoteSwiftPackageReference;
			repositoryURL = "https://github.com/onevcat/Kingfisher";
			requirement = {
				kind = upToNextMajorVersion;
				minimumVersion = 8.6.2;
			};
		};
/* End XCRemoteSwiftPackageReference section */

/* Begin XCSwiftPackageProductDependency section */
		FE0A9C812EC4533B00CDDA6E /* Supabase */ = {
			isa = XCSwiftPackageProductDependency;
			package = FE3C2F672EC44EDF00429BA0 /* XCRemoteSwiftPackageReference "supabase-swift" */;
			productName = Supabase;
		};
		FE3C2F682EC44F0500429BA0 /* Auth */ = {
			isa = XCSwiftPackageProductDependency;
			package = FE3C2F672EC44EDF00429BA0 /* XCRemoteSwiftPackageReference "supabase-swift" */;
			productName = Auth;
		};
		FE3C2F6A2EC44F0500429BA0 /* Functions */ = {
			isa = XCSwiftPackageProductDependency;
			package = FE3C2F672EC44EDF00429BA0 /* XCRemoteSwiftPackageReference "supabase-swift" */;
			productName = Functions;
		};
		FE3C2F6C2EC44F0500429BA0 /* PostgREST */ = {
			isa = XCSwiftPackageProductDependency;
			package = FE3C2F672EC44EDF00429BA0 /* XCRemoteSwiftPackageReference "supabase-swift" */;
			productName = PostgREST;
		};
		FE3C2F6E2EC44F0500429BA0 /* Realtime */ = {
			isa = XCSwiftPackageProductDependency;
			package = FE3C2F672EC44EDF00429BA0 /* XCRemoteSwiftPackageReference "supabase-swift" */;
			productName = Realtime;
		};
		FE3C2F702EC44F0500429BA0 /* Storage */ = {
			isa = XCSwiftPackageProductDependency;
			package = FE3C2F672EC44EDF00429BA0 /* XCRemoteSwiftPackageReference "supabase-swift" */;
			productName = Storage;
		};
		FE550B8F2EE577A3009D9F5D /* Kingfisher */ = {
			isa = XCSwiftPackageProductDependency;
			package = FE550B8E2EE577A3009D9F5D /* XCRemoteSwiftPackageReference "Kingfisher" */;
			productName = Kingfisher;
		};
/* End XCSwiftPackageProductDependency section */
	};
	rootObject = FE3C2F512EC448EE00429BA0 /* Project object */;
}
